<?xml version="1.0" encoding="utf-8"?>
<Project ToolsVersion="4.0" xmlns="http://schemas.microsoft.com/developer/msbuild/2003">
  <ItemGroup>
    <Filter Include="98.Default">
      <UniqueIdentifier>{196e51e4-c862-49e9-8678-42a4a65b7035}</UniqueIdentifier>
    </Filter>
    <Filter Include="99.Defines">
      <UniqueIdentifier>{3a81983c-986c-4200-bb94-16dda85c499f}</UniqueIdentifier>
    </Filter>
    <Filter Include="00.MainApp">
      <UniqueIdentifier>{73810b4a-8b60-42f7-8c6c-c53598a82b6f}</UniqueIdentifier>
    </Filter>
    <Filter Include="01.Levels">
      <UniqueIdentifier>{9a5f187b-c3ac-4e29-96e2-0b70e7ccb5da}</UniqueIdentifier>
    </Filter>
    <Filter Include="01.Levels\Logo">
      <UniqueIdentifier>{0f8de14b-2c66-4418-990f-7da0f8afcbb5}</UniqueIdentifier>
    </Filter>
    <Filter Include="01.Levels\Loading">
      <UniqueIdentifier>{a0efb36e-59cf-4005-830d-596c27ef6a8a}</UniqueIdentifier>
    </Filter>
    <Filter Include="01.Levels\Loading\Loader">
      <UniqueIdentifier>{2fba1b20-fd91-47bb-aa5b-b2fa7c338318}</UniqueIdentifier>
    </Filter>
    <Filter Include="02.GameObjects">
      <UniqueIdentifier>{e4be1aa2-5fa3-47f4-827e-32383c7d6ee5}</UniqueIdentifier>
    </Filter>
    <Filter Include="02.GameObjects\Camera">
      <UniqueIdentifier>{9d68a6fd-1ba3-4a11-9780-9bb5c2907f32}</UniqueIdentifier>
    </Filter>
    <Filter Include="02.GameObjects\Terrain">
      <UniqueIdentifier>{ba685d1e-8ccc-41ee-ad00-e1f6233b24e0}</UniqueIdentifier>
    </Filter>
    <Filter Include="02.GameObjects\Player">
      <UniqueIdentifier>{43516271-a655-4bfa-a75e-3f02feb17bcb}</UniqueIdentifier>
    </Filter>
    <Filter Include="02.GameObjects\Camera\Cam_Dyn">
      <UniqueIdentifier>{7c2d06ec-b9de-447c-af8b-24245141f6bf}</UniqueIdentifier>
    </Filter>
    <Filter Include="02.GameObjects\Camera\Cam_Portal">
      <UniqueIdentifier>{1a6269de-38b4-4a5d-9c61-fa75669281e3}</UniqueIdentifier>
    </Filter>
    <Filter Include="02.GameObjects\Portal">
      <UniqueIdentifier>{b8f5d38f-b7c8-4848-b5e8-dfd68e0b26f2}</UniqueIdentifier>
    </Filter>
    <Filter Include="02.GameObjects\Portal\PortalControl">
      <UniqueIdentifier>{b11bfc61-7205-4959-9129-eaba24ca23fd}</UniqueIdentifier>
    </Filter>
    <Filter Include="02.GameObjects\Sky">
      <UniqueIdentifier>{213568ae-1777-46ee-a9c4-45d1e40a51e5}</UniqueIdentifier>
    </Filter>
    <Filter Include="02.GameObjects\Camera\Cam_St">
      <UniqueIdentifier>{fe3e3377-5199-4bd4-89e5-52eb3a7916fd}</UniqueIdentifier>
    </Filter>
    <Filter Include="01.Levels\Logo\Loader">
      <UniqueIdentifier>{654b5e5a-395f-4b29-a5de-e75da86d6b7e}</UniqueIdentifier>
    </Filter>
    <Filter Include="02.GameObjects\Camera\Cam_Player">
      <UniqueIdentifier>{ca01fc62-bf22-4e4b-a539-f292101c1377}</UniqueIdentifier>
    </Filter>
    <Filter Include="02.GameObjects\UI">
      <UniqueIdentifier>{ff6815c8-8c03-4054-bf0e-d98228edcc3e}</UniqueIdentifier>
    </Filter>
    <Filter Include="02.GameObjects\UI\Button">
      <UniqueIdentifier>{0ce8aafa-6865-43ea-bb90-ff10ce580947}</UniqueIdentifier>
    </Filter>
    <Filter Include="02.GameObjects\UI\Button\Continue">
      <UniqueIdentifier>{2f8786ee-1d42-469f-9f09-1da82633be62}</UniqueIdentifier>
    </Filter>
    <Filter Include="02.GameObjects\UI\Button\Exit">
      <UniqueIdentifier>{29ef61f1-3154-42f1-b39a-7fe4b1035eb6}</UniqueIdentifier>
    </Filter>
    <Filter Include="02.GameObjects\UI\BackUI">
      <UniqueIdentifier>{af5a82ac-7c7e-4ec4-99ad-f092f47bf8ce}</UniqueIdentifier>
    </Filter>
    <Filter Include="02.GameObjects\Effect">
      <UniqueIdentifier>{1476a028-af6d-4db1-8a4f-7e3c869cbd18}</UniqueIdentifier>
    </Filter>
    <Filter Include="02.GameObjects\Gun">
      <UniqueIdentifier>{3e0e4d98-17ac-4783-8d41-69e0d3c9dce8}</UniqueIdentifier>
    </Filter>
    <Filter Include="02.GameObjects\Impact">
      <UniqueIdentifier>{d8ed2e41-328d-4af2-864f-6b60661a78e1}</UniqueIdentifier>
    </Filter>
    <Filter Include="02.GameObjects\Water">
      <UniqueIdentifier>{8c9cc998-e45b-49fc-a970-72050261307e}</UniqueIdentifier>
    </Filter>
    <Filter Include="02.GameObjects\Door">
      <UniqueIdentifier>{ca1a26a0-d99e-45f1-a3b0-f2c6051386a3}</UniqueIdentifier>
    </Filter>
    <Filter Include="02.GameObjects\Door\Left">
      <UniqueIdentifier>{c43df459-1249-4ff5-bb8a-ec0a991fc3ba}</UniqueIdentifier>
    </Filter>
    <Filter Include="02.GameObjects\Door\Right">
      <UniqueIdentifier>{e474a6bd-5fcf-46ba-9ce8-5ba518876fd2}</UniqueIdentifier>
    </Filter>
    <Filter Include="01.Levels\StageTwo">
      <UniqueIdentifier>{8501afef-63c3-42fe-aa1d-283a0ed5d594}</UniqueIdentifier>
    </Filter>
    <Filter Include="01.Levels\StageThree">
      <UniqueIdentifier>{6f527e95-e10e-4c28-999e-d138eaf889f5}</UniqueIdentifier>
    </Filter>
    <Filter Include="01.Levels\StageOne">
      <UniqueIdentifier>{5df5ff31-7b54-4a05-8cab-d06886d65f60}</UniqueIdentifier>
    </Filter>
    <Filter Include="02.GameObjects\Tile">
      <UniqueIdentifier>{8c51bf67-4f4a-41ea-888a-0a3bac014414}</UniqueIdentifier>
    </Filter>
    <Filter Include="02.GameObjects\Tile\Tile_Cube">
      <UniqueIdentifier>{8083c978-b672-4ef3-ab84-f8fc8c963cb6}</UniqueIdentifier>
    </Filter>
    <Filter Include="02.GameObjects\Enemy">
      <UniqueIdentifier>{0be39be2-3d71-4c9e-b08c-aecc0e7121bb}</UniqueIdentifier>
    </Filter>
    <Filter Include="02.GameObjects\Enemy\CubeMonster">
      <UniqueIdentifier>{415a74c7-93d9-4fd3-9842-46412ec76220}</UniqueIdentifier>
    </Filter>
    <Filter Include="02.GameObjects\Tile\Tile_Collider">
      <UniqueIdentifier>{860f94dd-38f0-479a-9b64-bef721851530}</UniqueIdentifier>
    </Filter>
    <Filter Include="02.GameObjects\Camera\BackGround">
      <UniqueIdentifier>{63f2bf48-694b-45c7-bc46-9dd27c3a3734}</UniqueIdentifier>
    </Filter>
    <Filter Include="02.GameObjects\Effect\Alert">
      <UniqueIdentifier>{f9449769-6541-4c90-9145-64d7f0ac3504}</UniqueIdentifier>
    </Filter>
    <Filter Include="02.GameObjects\Effect\Ball">
      <UniqueIdentifier>{e139cc8e-7a37-4c5c-9840-e955b696d878}</UniqueIdentifier>
    </Filter>
  </ItemGroup>
  <ItemGroup>
    <Text Include="ReadMe.txt" />
  </ItemGroup>
  <ItemGroup>
    <ClInclude Include="Client.h">
      <Filter>98.Default</Filter>
    </ClInclude>
    <ClInclude Include="Resource.h">
      <Filter>98.Default</Filter>
    </ClInclude>
    <ClInclude Include="stdafx.h">
      <Filter>98.Default</Filter>
    </ClInclude>
    <ClInclude Include="targetver.h">
      <Filter>98.Default</Filter>
    </ClInclude>
    <ClInclude Include="..\Public\Client_Defines.h">
      <Filter>99.Defines</Filter>
    </ClInclude>
    <ClInclude Include="..\public\MainApp.h">
      <Filter>00.MainApp</Filter>
    </ClInclude>
    <ClInclude Include="..\public\Level_Logo.h">
      <Filter>01.Levels\Logo</Filter>
    </ClInclude>
    <ClInclude Include="..\Public\Level_StageOne.h">
      <Filter>01.Levels\StageOne</Filter>
    </ClInclude>
    <ClInclude Include="..\Public\Level_Loading.h">
      <Filter>01.Levels\Loading</Filter>
    </ClInclude>
    <ClInclude Include="..\public\Loader.h">
      <Filter>01.Levels\Loading\Loader</Filter>
    </ClInclude>
    <ClInclude Include="..\public\BackGround.h">
      <Filter>02.GameObjects\Camera\BackGround</Filter>
    </ClInclude>
    <ClInclude Include="..\Public\Terrain.h">
      <Filter>02.GameObjects\Terrain</Filter>
    </ClInclude>
    <ClInclude Include="..\Public\Player.h">
      <Filter>02.GameObjects\Player</Filter>
    </ClInclude>
    <ClInclude Include="..\public\Camera_Dynamic.h">
      <Filter>02.GameObjects\Camera\Cam_Dyn</Filter>
    </ClInclude>
    <ClInclude Include="..\Public\Cam_Portal.h">
      <Filter>02.GameObjects\Camera\Cam_Portal</Filter>
    </ClInclude>
    <ClInclude Include="..\Public\Portal.h">
      <Filter>02.GameObjects\Portal</Filter>
    </ClInclude>
    <ClInclude Include="..\Public\PortalControl.h">
      <Filter>02.GameObjects\Portal\PortalControl</Filter>
    </ClInclude>
    <ClInclude Include="..\Public\Sky.h">
      <Filter>02.GameObjects\Sky</Filter>
    </ClInclude>
    <ClInclude Include="..\Public\Camera_Static.h">
      <Filter>02.GameObjects\Camera\Cam_St</Filter>
    </ClInclude>
    <ClInclude Include="..\Public\LoadingLoader.h">
      <Filter>01.Levels\Logo\Loader</Filter>
    </ClInclude>
    <ClInclude Include="..\Public\Camera_Player.h">
      <Filter>02.GameObjects\Camera\Cam_Player</Filter>
    </ClInclude>
    <ClInclude Include="..\Public\Button_Continue.h">
      <Filter>02.GameObjects\UI\Button\Continue</Filter>
    </ClInclude>
    <ClInclude Include="..\Public\UI_BackUI.h">
      <Filter>02.GameObjects\UI\BackUI</Filter>
    </ClInclude>
    <ClInclude Include="..\Public\Button_Exit.h">
      <Filter>02.GameObjects\UI\Button\Exit</Filter>
    </ClInclude>
    <ClInclude Include="..\Public\Gun.h">
      <Filter>02.GameObjects\Gun</Filter>
    </ClInclude>
    <ClInclude Include="..\Public\Impact.h">
      <Filter>02.GameObjects\Impact</Filter>
    </ClInclude>
    <ClInclude Include="..\Public\Water.h">
      <Filter>02.GameObjects\Water</Filter>
    </ClInclude>
    <ClInclude Include="..\Public\Door_left.h">
      <Filter>02.GameObjects\Door\Left</Filter>
    </ClInclude>
    <ClInclude Include="..\Public\Door_right.h">
      <Filter>02.GameObjects\Door\Right</Filter>
    </ClInclude>
    <ClInclude Include="..\Public\Tile_Cube.h">
      <Filter>02.GameObjects\Tile\Tile_Cube</Filter>
    </ClInclude>
    <ClInclude Include="..\Public\Tile.h">
      <Filter>02.GameObjects\Tile</Filter>
    </ClInclude>
    <ClInclude Include="..\Public\Enemy.h">
      <Filter>02.GameObjects\Enemy</Filter>
    </ClInclude>
    <ClInclude Include="..\Public\CubeMonster.h">
      <Filter>02.GameObjects\Enemy\CubeMonster</Filter>
    </ClInclude>
    <ClInclude Include="..\Public\Tile_Collider.h">
      <Filter>02.GameObjects\Tile\Tile_Collider</Filter>
    </ClInclude>
    <ClInclude Include="..\Public\Effect_Alert.h">
      <Filter>02.GameObjects\Effect\Alert</Filter>
    </ClInclude>
    <ClInclude Include="..\Public\Level_StageTwo.h">
      <Filter>01.Levels\StageTwo</Filter>
    </ClInclude>
    <ClInclude Include="..\Public\Ball.h" />
  </ItemGroup>
  <ItemGroup>
    <ClCompile Include="Client.cpp">
      <Filter>98.Default</Filter>
    </ClCompile>
    <ClCompile Include="stdafx.cpp">
      <Filter>98.Default</Filter>
    </ClCompile>
    <ClCompile Include="..\private\MainApp.cpp">
      <Filter>00.MainApp</Filter>
    </ClCompile>
    <ClCompile Include="..\private\Level_Logo.cpp">
      <Filter>01.Levels\Logo</Filter>
    </ClCompile>
    <ClCompile Include="..\Private\Level_StageOne.cpp">
      <Filter>01.Levels\StageOne</Filter>
    </ClCompile>
    <ClCompile Include="..\Private\Level_Loading.cpp">
      <Filter>01.Levels\Loading</Filter>
    </ClCompile>
    <ClCompile Include="..\private\Loader.cpp">
      <Filter>01.Levels\Loading\Loader</Filter>
    </ClCompile>
    <ClCompile Include="..\private\BackGround.cpp">
      <Filter>02.GameObjects\Camera\BackGround</Filter>
    </ClCompile>
    <ClCompile Include="..\Private\Terrain.cpp">
      <Filter>02.GameObjects\Terrain</Filter>
    </ClCompile>
    <ClCompile Include="..\Private\Player.cpp">
      <Filter>02.GameObjects\Player</Filter>
    </ClCompile>
    <ClCompile Include="..\private\Camera_Dynamic.cpp">
      <Filter>02.GameObjects\Camera\Cam_Dyn</Filter>
    </ClCompile>
    <ClCompile Include="..\Private\Cam_Portal.cpp">
      <Filter>02.GameObjects\Camera\Cam_Portal</Filter>
    </ClCompile>
    <ClCompile Include="..\Private\Portal.cpp">
      <Filter>02.GameObjects\Portal</Filter>
    </ClCompile>
    <ClCompile Include="..\Private\PortalControl.cpp">
      <Filter>02.GameObjects\Portal\PortalControl</Filter>
    </ClCompile>
    <ClCompile Include="..\Private\Sky.cpp">
      <Filter>02.GameObjects\Sky</Filter>
    </ClCompile>
    <ClCompile Include="..\Private\Camera_Static.cpp">
      <Filter>02.GameObjects\Camera\Cam_St</Filter>
    </ClCompile>
    <ClCompile Include="..\Private\LoadingLoader.cpp">
      <Filter>01.Levels\Logo\Loader</Filter>
    </ClCompile>
    <ClCompile Include="..\Private\Camera_Player.cpp">
      <Filter>02.GameObjects\Camera\Cam_Player</Filter>
    </ClCompile>
    <ClCompile Include="..\Private\Button_Continue.cpp">
      <Filter>02.GameObjects\UI\Button\Continue</Filter>
    </ClCompile>
    <ClCompile Include="..\Private\UI_BackUI.cpp">
      <Filter>02.GameObjects\UI\BackUI</Filter>
    </ClCompile>
    <ClCompile Include="..\Private\Button_Exit.cpp">
      <Filter>02.GameObjects\UI\Button\Exit</Filter>
    </ClCompile>
    <ClCompile Include="..\Private\Gun.cpp">
      <Filter>02.GameObjects\Gun</Filter>
    </ClCompile>
    <ClCompile Include="..\Private\Impact.cpp">
      <Filter>02.GameObjects\Impact</Filter>
    </ClCompile>
    <ClCompile Include="..\Private\Water.cpp">
      <Filter>02.GameObjects\Water</Filter>
    </ClCompile>
    <ClCompile Include="..\Private\Door_left.cpp">
      <Filter>02.GameObjects\Door\Left</Filter>
    </ClCompile>
    <ClCompile Include="..\Private\Door_right.cpp">
      <Filter>02.GameObjects\Door\Right</Filter>
    </ClCompile>
    <ClCompile Include="..\Private\Tile.cpp">
      <Filter>02.GameObjects\Tile</Filter>
    </ClCompile>
    <ClCompile Include="..\Private\Tile_Cube.cpp">
      <Filter>02.GameObjects\Tile\Tile_Cube</Filter>
    </ClCompile>
    <ClCompile Include="..\Private\Enemy.cpp">
      <Filter>02.GameObjects\Enemy</Filter>
    </ClCompile>
    <ClCompile Include="..\Private\CubeMonster.cpp">
      <Filter>02.GameObjects\Enemy\CubeMonster</Filter>
    </ClCompile>
    <ClCompile Include="..\Private\Tile_Collider.cpp">
      <Filter>02.GameObjects\Tile\Tile_Collider</Filter>
    </ClCompile>
    <ClCompile Include="..\Private\Effect_Alert.cpp">
      <Filter>02.GameObjects\Effect\Alert</Filter>
    </ClCompile>
    <ClCompile Include="..\Private\Level_StageTwo.cpp">
      <Filter>01.Levels\StageTwo</Filter>
    </ClCompile>
    <ClCompile Include="..\Private\Ball.cpp" />
  </ItemGroup>
  <ItemGroup>
    <Image Include="Client.ico">
      <Filter>98.Default</Filter>
    </Image>
    <Image Include="small.ico">
      <Filter>98.Default</Filter>
    </Image>
    <Image Include="icon1.ico" />
    <Image Include="icon2.ico" />
    <Image Include="..\..\Resources\Textures\Portal\Logo\MiniLogo.png" />
    <Image Include="..\..\Resources\Textures\Portal\Logo\MiniLogo.ico" />
  </ItemGroup>
  <ItemGroup>
    <ResourceCompile Include="Client.rc">
      <Filter>98.Default</Filter>
    </ResourceCompile>
  </ItemGroup>
  <ItemGroup>
    <None Include="..\..\resources\textures\portal\logo\cursor1.cur" />
    <None Include="..\..\Resources\Textures\Portal\Default\Blue Portal Gun Normal Select.cur" />
    <None Include="..\..\resources\textures\portal\default\cursor2.cur" />
  </ItemGroup>
</Project>